// !$*UTF8*$!
{
	archiveVersion = 1;
	classes = {
	};
	objectVersion = 77;
	objects = {

/* Begin PBXBuildFile section */
		2027D9A02EFE2DD800290223 /* RosterModels.swift in Sources */ = {isa = PBXBuildFile; fileRef = 2027D99F2EFE2DD500290223 /* RosterModels.swift */; };
		20E6BCC32EE5466D00DE32CE /* MainMenuViewModel.swift in Sources */ = {isa = PBXBuildFile; fileRef = 20E6BCC22EE5466D00DE32CE /* MainMenuViewModel.swift */; };
		20E6BCC52EE5468400DE32CE /* MainMenuComponents.swift in Sources */ = {isa = PBXBuildFile; fileRef = 20E6BCC42EE5468400DE32CE /* MainMenuComponents.swift */; };
		20E6BCC72EE5469800DE32CE /* MaterialsViews.swift in Sources */ = {isa = PBXBuildFile; fileRef = 20E6BCC62EE5469800DE32CE /* MaterialsViews.swift */; };
		20E6BCC92EE546A400DE32CE /* MainMenuView.swift in Sources */ = {isa = PBXBuildFile; fileRef = 20E6BCC82EE546A400DE32CE /* MainMenuView.swift */; };
		20E6BCCD2EE54E4000DE32CE /* CourseMaterialsManager.swift in Sources */ = {isa = PBXBuildFile; fileRef = 20E6BCCC2EE54E4000DE32CE /* CourseMaterialsManager.swift */; };
/* End PBXBuildFile section */

/* Begin PBXContainerItemProxy section */
		201B0B9F2EBE52B000F95095 /* PBXContainerItemProxy */ = {
			isa = PBXContainerItemProxy;
			containerPortal = 201B0B892EBE52AF00F95095 /* Project object */;
			proxyType = 1;
			remoteGlobalIDString = 201B0B902EBE52AF00F95095;
			remoteInfo = classmanager;
		};
		201B0BA92EBE52B000F95095 /* PBXContainerItemProxy */ = {
			isa = PBXContainerItemProxy;
			containerPortal = 201B0B892EBE52AF00F95095 /* Project object */;
			proxyType = 1;
			remoteGlobalIDString = 201B0B902EBE52AF00F95095;
			remoteInfo = classmanager;
		};
/* End PBXContainerItemProxy section */

/* Begin PBXFileReference section */
		201B0B912EBE52AF00F95095 /* classmanager.app */ = {isa = PBXFileReference; explicitFileType = wrapper.application; includeInIndex = 0; path = classmanager.app; sourceTree = BUILT_PRODUCTS_DIR; };
		201B0B9E2EBE52B000F95095 /* classmanagerTests.xctest */ = {isa = PBXFileReference; explicitFileType = wrapper.cfbundle; includeInIndex = 0; path = classmanagerTests.xctest; sourceTree = BUILT_PRODUCTS_DIR; };
		201B0BA82EBE52B000F95095 /* classmanagerUITests.xctest */ = {isa = PBXFileReference; explicitFileType = wrapper.cfbundle; includeInIndex = 0; path = classmanagerUITests.xctest; sourceTree = BUILT_PRODUCTS_DIR; };
		201B0BAC2EBE52B000F95095 /* App.xcconfig */ = {isa = PBXFileReference; lastKnownFileType = text.xcconfig; path = App.xcconfig; sourceTree = "<group>"; };
		2027D99F2EFE2DD500290223 /* RosterModels.swift */ = {isa = PBXFileReference; lastKnownFileType = sourcecode.swift; path = RosterModels.swift; sourceTree = "<group>"; };
		2027D9B02F0484A600290223 /* BackgroundTasks.framework */ = {isa = PBXFileReference; lastKnownFileType = wrapper.framework; name = BackgroundTasks.framework; path = System/Library/Frameworks/BackgroundTasks.framework; sourceTree = SDKROOT; };
		20E6BCC12EE5465700DE32CE /* CourseMaterialsManager.swift */ = {isa = PBXFileReference; lastKnownFileType = sourcecode.swift; path = CourseMaterialsManager.swift; sourceTree = "<group>"; };
		20E6BCC22EE5466D00DE32CE /* MainMenuViewModel.swift */ = {isa = PBXFileReference; lastKnownFileType = sourcecode.swift; path = MainMenuViewModel.swift; sourceTree = "<group>"; };
		20E6BCC42EE5468400DE32CE /* MainMenuComponents.swift */ = {isa = PBXFileReference; lastKnownFileType = sourcecode.swift; path = MainMenuComponents.swift; sourceTree = "<group>"; };
		20E6BCC62EE5469800DE32CE /* MaterialsViews.swift */ = {isa = PBXFileReference; lastKnownFileType = sourcecode.swift; path = MaterialsViews.swift; sourceTree = "<group>"; };
		20E6BCC82EE546A400DE32CE /* MainMenuView.swift */ = {isa = PBXFileReference; lastKnownFileType = sourcecode.swift; path = MainMenuView.swift; sourceTree = "<group>"; };
		20E6BCCC2EE54E4000DE32CE /* CourseMaterialsManager.swift */ = {isa = PBXFileReference; lastKnownFileType = sourcecode.swift; path = CourseMaterialsManager.swift; sourceTree = "<group>"; };
/* End PBXFileReference section */

/* Begin PBXFileSystemSynchronizedBuildFileExceptionSet section */
		20E6BCCE2EE54F8A00DE32CE /* Exceptions for "classmanager" folder in "classmanager" target */ = {
			isa = PBXFileSystemSynchronizedBuildFileExceptionSet;
			membershipExceptions = (
				Info.plist,
			);
			target = 201B0B902EBE52AF00F95095 /* classmanager */;
		};
/* End PBXFileSystemSynchronizedBuildFileExceptionSet section */

/* Begin PBXFileSystemSynchronizedRootGroup section */
		201B0B932EBE52AF00F95095 /* classmanager */ = {
			isa = PBXFileSystemSynchronizedRootGroup;
			exceptions = (
				20E6BCCE2EE54F8A00DE32CE /* Exceptions for "classmanager" folder in "classmanager" target */,
			);
			path = classmanager;
			sourceTree = "<group>";
		};
		201B0BA12EBE52B000F95095 /* classmanagerTests */ = {
			isa = PBXFileSystemSynchronizedRootGroup;
			path = classmanagerTests;
			sourceTree = "<group>";
		};
		201B0BAB2EBE52B000F95095 /* classmanagerUITests */ = {
			isa = PBXFileSystemSynchronizedRootGroup;
			path = classmanagerUITests;
			sourceTree = "<group>";
		};
/* End PBXFileSystemSynchronizedRootGroup section */

/* Begin PBXFrameworksBuildPhase section */
		201B0B8E2EBE52AF00F95095 /* Frameworks */ = {
			isa = PBXFrameworksBuildPhase;
			buildActionMask = 2147483647;
			files = (
			);
			runOnlyForDeploymentPostprocessing = 0;
		};
		201B0B9B2EBE52B000F95095 /* Frameworks */ = {
			isa = PBXFrameworksBuildPhase;
			buildActionMask = 2147483647;
			files = (
			);
			runOnlyForDeploymentPostprocessing = 0;
		};
		201B0BA52EBE52B000F95095 /* Frameworks */ = {
			isa = PBXFrameworksBuildPhase;
			buildActionMask = 2147483647;
			files = (
			);
			runOnlyForDeploymentPostprocessing = 0;
		};
/* End PBXFrameworksBuildPhase section */

/* Begin PBXGroup section */
		201B0B882EBE52AF00F95095 = {
			isa = PBXGroup;
			children = (
				201B0B932EBE52AF00F95095 /* classmanager */,
				201B0BAD2EBE52B000F95095 /* Config */,
				20E6BCC02EE545A600DE32CE /* Managers */,
				20E6BCBF2EE5457C00DE32CE /* Views MainMenu */,
				201B0BA12EBE52B000F95095 /* classmanagerTests */,
				201B0BAB2EBE52B000F95095 /* classmanagerUITests */,
				2027D9AF2F0484A600290223 /* Frameworks */,
				201B0B922EBE52AF00F95095 /* Products */,
			);
			sourceTree = "<group>";
		};
		201B0B922EBE52AF00F95095 /* Products */ = {
			isa = PBXGroup;
			children = (
				201B0B912EBE52AF00F95095 /* classmanager.app */,
				201B0B9E2EBE52B000F95095 /* classmanagerTests.xctest */,
				201B0BA82EBE52B000F95095 /* classmanagerUITests.xctest */,
			);
			name = Products;
			sourceTree = "<group>";
		};
		2027D9AF2F0484A600290223 /* Frameworks */ = {
			isa = PBXGroup;
			children = (
				2027D9B02F0484A600290223 /* BackgroundTasks.framework */,
			);
			name = Frameworks;
			sourceTree = "<group>";
		};
		201B0BAD2EBE52B000F95095 /* Config */ = {
			isa = PBXGroup;
			children = (
				201B0BAC2EBE52B000F95095 /* App.xcconfig */,
			);
			path = Config;
			sourceTree = "<group>";
		};
		20E6BCBF2EE5457C00DE32CE /* Views MainMenu */ = {
			isa = PBXGroup;
			children = (
				20E6BCC22EE5466D00DE32CE /* MainMenuViewModel.swift */,
				20E6BCC42EE5468400DE32CE /* MainMenuComponents.swift */,
				20E6BCC62EE5469800DE32CE /* MaterialsViews.swift */,
				2027D99F2EFE2DD500290223 /* RosterModels.swift */,
				20E6BCC82EE546A400DE32CE /* MainMenuView.swift */,
				20E6BCCC2EE54E4000DE32CE /* CourseMaterialsManager.swift */,
			);
			path = "Views MainMenu";
			sourceTree = "<group>";
		};
		20E6BCC02EE545A600DE32CE /* Managers */ = {
			isa = PBXGroup;
			children = (
				20E6BCC12EE5465700DE32CE /* CourseMaterialsManager.swift */,
			);
			path = Managers;
			sourceTree = "<group>";
		};
/* End PBXGroup section */

/* Begin PBXNativeTarget section */
		201B0B902EBE52AF00F95095 /* classmanager */ = {
			isa = PBXNativeTarget;
			buildConfigurationList = 201B0BB22EBE52B000F95095 /* Build configuration list for PBXNativeTarget "classmanager" */;
			buildPhases = (
				201B0B8D2EBE52AF00F95095 /* Sources */,
				201B0B8E2EBE52AF00F95095 /* Frameworks */,
				201B0B8F2EBE52AF00F95095 /* Resources */,
			);
			buildRules = (
			);
			dependencies = (
			);
			fileSystemSynchronizedGroups = (
				201B0B932EBE52AF00F95095 /* classmanager */,
			);
			name = classmanager;
			packageProductDependencies = (
			);
			productName = classmanager;
			productReference = 201B0B912EBE52AF00F95095 /* classmanager.app */;
			productType = "com.apple.product-type.application";
		};
		201B0B9D2EBE52B000F95095 /* classmanagerTests */ = {
			isa = PBXNativeTarget;
			buildConfigurationList = 201B0BB52EBE52B000F95095 /* Build configuration list for PBXNativeTarget "classmanagerTests" */;
			buildPhases = (
				201B0B9A2EBE52B000F95095 /* Sources */,
				201B0B9B2EBE52B000F95095 /* Frameworks */,
				201B0B9C2EBE52B000F95095 /* Resources */,
			);
			buildRules = (
			);
			dependencies = (
				201B0BA02EBE52B000F95095 /* PBXTargetDependency */,
			);
			fileSystemSynchronizedGroups = (
				201B0BA12EBE52B000F95095 /* classmanagerTests */,
			);
			name = classmanagerTests;
			packageProductDependencies = (
			);
			productName = classmanagerTests;
			productReference = 201B0B9E2EBE52B000F95095 /* classmanagerTests.xctest */;
			productType = "com.apple.product-type.bundle.unit-test";
		};
		201B0BA72EBE52B000F95095 /* classmanagerUITests */ = {
			isa = PBXNativeTarget;
			buildConfigurationList = 201B0BB82EBE52B000F95095 /* Build configuration list for PBXNativeTarget "classmanagerUITests" */;
			buildPhases = (
				201B0BA42EBE52B000F95095 /* Sources */,
				201B0BA52EBE52B000F95095 /* Frameworks */,
				201B0BA62EBE52B000F95095 /* Resources */,
			);
			buildRules = (
			);
			dependencies = (
				201B0BAA2EBE52B000F95095 /* PBXTargetDependency */,
			);
			fileSystemSynchronizedGroups = (
				201B0BAB2EBE52B000F95095 /* classmanagerUITests */,
			);
			name = classmanagerUITests;
			packageProductDependencies = (
			);
			productName = classmanagerUITests;
			productReference = 201B0BA82EBE52B000F95095 /* classmanagerUITests.xctest */;
			productType = "com.apple.product-type.bundle.ui-testing";
		};
/* End PBXNativeTarget section */

/* Begin PBXProject section */
		201B0B892EBE52AF00F95095 /* Project object */ = {
			isa = PBXProject;
			attributes = {
				BuildIndependentTargetsInParallel = 1;
				LastSwiftUpdateCheck = 2600;
				LastUpgradeCheck = 2600;
				TargetAttributes = {
					201B0B902EBE52AF00F95095 = {
						CreatedOnToolsVersion = 26.0.1;
					};
					201B0B9D2EBE52B000F95095 = {
						CreatedOnToolsVersion = 26.0.1;
						TestTargetID = 201B0B902EBE52AF00F95095;
					};
					201B0BA72EBE52B000F95095 = {
						CreatedOnToolsVersion = 26.0.1;
						TestTargetID = 201B0B902EBE52AF00F95095;
					};
				};
			};
			buildConfigurationList = 201B0B8C2EBE52AF00F95095 /* Build configuration list for PBXProject "classmanager" */;
			developmentRegion = en;
			hasScannedForEncodings = 0;
			knownRegions = (
				en,
				Base,
			);
			mainGroup = 201B0B882EBE52AF00F95095;
			minimizedProjectReferenceProxies = 1;
			preferredProjectObjectVersion = 77;
			productRefGroup = 201B0B922EBE52AF00F95095 /* Products */;
			projectDirPath = "";
			projectRoot = "";
			targets = (
				201B0B902EBE52AF00F95095 /* classmanager */,
				201B0B9D2EBE52B000F95095 /* classmanagerTests */,
				201B0BA72EBE52B000F95095 /* classmanagerUITests */,
			);
		};
/* End PBXProject section */

/* Begin PBXResourcesBuildPhase section */
		201B0B8F2EBE52AF00F95095 /* Resources */ = {
			isa = PBXResourcesBuildPhase;
			buildActionMask = 2147483647;
			files = (
			);
			runOnlyForDeploymentPostprocessing = 0;
		};
		201B0B9C2EBE52B000F95095 /* Resources */ = {
			isa = PBXResourcesBuildPhase;
			buildActionMask = 2147483647;
			files = (
			);
			runOnlyForDeploymentPostprocessing = 0;
		};
		201B0BA62EBE52B000F95095 /* Resources */ = {
			isa = PBXResourcesBuildPhase;
			buildActionMask = 2147483647;
			files = (
			);
			runOnlyForDeploymentPostprocessing = 0;
		};
/* End PBXResourcesBuildPhase section */

/* Begin PBXSourcesBuildPhase section */
		201B0B8D2EBE52AF00F95095 /* Sources */ = {
			isa = PBXSourcesBuildPhase;
			buildActionMask = 2147483647;
			files = (
				20E6BCC72EE5469800DE32CE /* MaterialsViews.swift in Sources */,
				20E6BCC52EE5468400DE32CE /* MainMenuComponents.swift in Sources */,
				20E6BCCD2EE54E4000DE32CE /* CourseMaterialsManager.swift in Sources */,
				20E6BCC32EE5466D00DE32CE /* MainMenuViewModel.swift in Sources */,
				2027D9A02EFE2DD800290223 /* RosterModels.swift in Sources */,
				20E6BCC92EE546A400DE32CE /* MainMenuView.swift in Sources */,
			);
			runOnlyForDeploymentPostprocessing = 0;
		};
		201B0B9A2EBE52B000F95095 /* Sources */ = {
			isa = PBXSourcesBuildPhase;
			buildActionMask = 2147483647;
			files = (
			);
			runOnlyForDeploymentPostprocessing = 0;
		};
		201B0BA42EBE52B000F95095 /* Sources */ = {
			isa = PBXSourcesBuildPhase;
			buildActionMask = 2147483647;
			files = (
			);
			runOnlyForDeploymentPostprocessing = 0;
		};
/* End PBXSourcesBuildPhase section */

/* Begin PBXTargetDependency section */
		201B0BA02EBE52B000F95095 /* PBXTargetDependency */ = {
			isa = PBXTargetDependency;
			target = 201B0B902EBE52AF00F95095 /* classmanager */;
			targetProxy = 201B0B9F2EBE52B000F95095 /* PBXContainerItemProxy */;
		};
		201B0BAA2EBE52B000F95095 /* PBXTargetDependency */ = {
			isa = PBXTargetDependency;
			target = 201B0B902EBE52AF00F95095 /* classmanager */;
			targetProxy = 201B0BA92EBE52B000F95095 /* PBXContainerItemProxy */;
		};
/* End PBXTargetDependency section */

/* Begin XCBuildConfiguration section */
		201B0BB02EBE52B000F95095 /* Debug */ = {
			isa = XCBuildConfiguration;
			buildSettings = {
				ALWAYS_SEARCH_USER_PATHS = NO;
				ASSETCATALOG_COMPILER_GENERATE_SWIFT_ASSET_SYMBOL_EXTENSIONS = YES;
				CLANG_ANALYZER_NONNULL = YES;
				CLANG_ANALYZER_NUMBER_OBJECT_CONVERSION = YES_AGGRESSIVE;
				CLANG_CXX_LANGUAGE_STANDARD = "gnu++20";
				CLANG_ENABLE_MODULES = YES;
				CLANG_ENABLE_OBJC_ARC = YES;
				CLANG_ENABLE_OBJC_WEAK = YES;
				CLANG_WARN_BLOCK_CAPTURE_AUTORELEASING = YES;
				CLANG_WARN_BOOL_CONVERSION = YES;
				CLANG_WARN_COMMA = YES;
				CLANG_WARN_CONSTANT_CONVERSION = YES;
				CLANG_WARN_DEPRECATED_OBJC_IMPLEMENTATIONS = YES;
				CLANG_WARN_DIRECT_OBJC_ISA_USAGE = YES_ERROR;
				CLANG_WARN_DOCUMENTATION_COMMENTS = YES;
				CLANG_WARN_EMPTY_BODY = YES;
				CLANG_WARN_ENUM_CONVERSION = YES;
				CLANG_WARN_INFINITE_RECURSION = YES;
				CLANG_WARN_INT_CONVERSION = YES;
				CLANG_WARN_NON_LITERAL_NULL_CONVERSION = YES;
				CLANG_WARN_OBJC_IMPLICIT_RETAIN_SELF = YES;
				CLANG_WARN_OBJC_LITERAL_CONVERSION = YES;
				CLANG_WARN_OBJC_ROOT_CLASS = YES_ERROR;
				CLANG_WARN_QUOTED_INCLUDE_IN_FRAMEWORK_HEADER = YES;
				CLANG_WARN_RANGE_LOOP_ANALYSIS = YES;
				CLANG_WARN_STRICT_PROTOTYPES = YES;
				CLANG_WARN_SUSPICIOUS_MOVE = YES;
				CLANG_WARN_UNGUARDED_AVAILABILITY = YES_AGGRESSIVE;
				CLANG_WARN_UNREACHABLE_CODE = YES;
				CLANG_WARN__DUPLICATE_METHOD_MATCH = YES;
				COPY_PHASE_STRIP = NO;
				DEBUG_INFORMATION_FORMAT = dwarf;
				DEVELOPMENT_TEAM = XN2T2J875A;
				ENABLE_STRICT_OBJC_MSGSEND = YES;
				ENABLE_TESTABILITY = YES;
				ENABLE_USER_SCRIPT_SANDBOXING = YES;
				GCC_C_LANGUAGE_STANDARD = gnu17;
				GCC_DYNAMIC_NO_PIC = NO;
				GCC_NO_COMMON_BLOCKS = YES;
				GCC_OPTIMIZATION_LEVEL = 0;
				GCC_PREPROCESSOR_DEFINITIONS = (
					"DEBUG=1",
					"$(inherited)",
				);
				GCC_WARN_64_TO_32_BIT_CONVERSION = YES;
				GCC_WARN_ABOUT_RETURN_TYPE = YES_ERROR;
				GCC_WARN_UNDECLARED_SELECTOR = YES;
				GCC_WARN_UNINITIALIZED_AUTOS = YES_AGGRESSIVE;
				GCC_WARN_UNUSED_FUNCTION = YES;
				GCC_WARN_UNUSED_VARIABLE = YES;
				IPHONEOS_DEPLOYMENT_TARGET = 26.0;
				LOCALIZATION_PREFERS_STRING_CATALOGS = YES;
				MTL_ENABLE_DEBUG_INFO = INCLUDE_SOURCE;
				MTL_FAST_MATH = YES;
				ONLY_ACTIVE_ARCH = YES;
				SDKROOT = iphoneos;
				SWIFT_ACTIVE_COMPILATION_CONDITIONS = "DEBUG $(inherited)";
				SWIFT_OPTIMIZATION_LEVEL = "-Onone";
			};
			name = Debug;
		};
		201B0BB12EBE52B000F95095 /* Release */ = {
			isa = XCBuildConfiguration;
			buildSettings = {
				ALWAYS_SEARCH_USER_PATHS = NO;
				ASSETCATALOG_COMPILER_GENERATE_SWIFT_ASSET_SYMBOL_EXTENSIONS = YES;
				CLANG_ANALYZER_NONNULL = YES;
				CLANG_ANALYZER_NUMBER_OBJECT_CONVERSION = YES_AGGRESSIVE;
				CLANG_CXX_LANGUAGE_STANDARD = "gnu++20";
				CLANG_ENABLE_MODULES = YES;
				CLANG_ENABLE_OBJC_ARC = YES;
				CLANG_ENABLE_OBJC_WEAK = YES;
				CLANG_WARN_BLOCK_CAPTURE_AUTORELEASING = YES;
				CLANG_WARN_BOOL_CONVERSION = YES;
				CLANG_WARN_COMMA = YES;
				CLANG_WARN_CONSTANT_CONVERSION = YES;
				CLANG_WARN_DEPRECATED_OBJC_IMPLEMENTATIONS = YES;
				CLANG_WARN_DIRECT_OBJC_ISA_USAGE = YES_ERROR;
				CLANG_WARN_DOCUMENTATION_COMMENTS = YES;
				CLANG_WARN_EMPTY_BODY = YES;
				CLANG_WARN_ENUM_CONVERSION = YES;
				CLANG_WARN_INFINITE_RECURSION = YES;
				CLANG_WARN_INT_CONVERSION = YES;
				CLANG_WARN_NON_LITERAL_NULL_CONVERSION = YES;
				CLANG_WARN_OBJC_IMPLICIT_RETAIN_SELF = YES;
				CLANG_WARN_OBJC_LITERAL_CONVERSION = YES;
				CLANG_WARN_OBJC_ROOT_CLASS = YES_ERROR;
				CLANG_WARN_QUOTED_INCLUDE_IN_FRAMEWORK_HEADER = YES;
				CLANG_WARN_RANGE_LOOP_ANALYSIS = YES;
				CLANG_WARN_STRICT_PROTOTYPES = YES;
				CLANG_WARN_SUSPICIOUS_MOVE = YES;
				CLANG_WARN_UNGUARDED_AVAILABILITY = YES_AGGRESSIVE;
				CLANG_WARN_UNREACHABLE_CODE = YES;
				CLANG_WARN__DUPLICATE_METHOD_MATCH = YES;
				COPY_PHASE_STRIP = NO;
				DEBUG_INFORMATION_FORMAT = "dwarf-with-dsym";
				DEVELOPMENT_TEAM = XN2T2J875A;
				ENABLE_NS_ASSERTIONS = NO;
				ENABLE_STRICT_OBJC_MSGSEND = YES;
				ENABLE_USER_SCRIPT_SANDBOXING = YES;
				GCC_C_LANGUAGE_STANDARD = gnu17;
				GCC_NO_COMMON_BLOCKS = YES;
				GCC_WARN_64_TO_32_BIT_CONVERSION = YES;
				GCC_WARN_ABOUT_RETURN_TYPE = YES_ERROR;
				GCC_WARN_UNDECLARED_SELECTOR = YES;
				GCC_WARN_UNINITIALIZED_AUTOS = YES_AGGRESSIVE;
				GCC_WARN_UNUSED_FUNCTION = YES;
				GCC_WARN_UNUSED_VARIABLE = YES;
				IPHONEOS_DEPLOYMENT_TARGET = 26.0;
				LOCALIZATION_PREFERS_STRING_CATALOGS = YES;
				MTL_ENABLE_DEBUG_INFO = NO;
				MTL_FAST_MATH = YES;
				SDKROOT = iphoneos;
				SWIFT_COMPILATION_MODE = wholemodule;
				VALIDATE_PRODUCT = YES;
			};
			name = Release;
		};
		201B0BB32EBE52B000F95095 /* Debug */ = {
			isa = XCBuildConfiguration;
			baseConfigurationReference = 201B0BAC2EBE52B000F95095 /* App.xcconfig */;
			buildSettings = {
				ASSETCATALOG_COMPILER_APPICON_NAME = AppIcon;
				ASSETCATALOG_COMPILER_GLOBAL_ACCENT_COLOR_NAME = AccentColor;
				CODE_SIGN_ENTITLEMENTS = classmanager/classmanager.entitlements;
				CODE_SIGN_IDENTITY = "Apple Development";
				CODE_SIGN_STYLE = Automatic;
				CURRENT_PROJECT_VERSION = 2;
				DEVELOPMENT_TEAM = XN2T2J875A;
				ENABLE_PREVIEWS = YES;
				GENERATE_INFOPLIST_FILE = YES;
				INFOPLIST_FILE = classmanager/Info.plist;
				INFOPLIST_KEY_CFBundleDisplayName = "GCEMS Classes";
				INFOPLIST_KEY_LSApplicationCategoryType = "public.app-category.education";
				INFOPLIST_KEY_NSCameraUsageDescription = "The camera is needed to access the QR scanner  ";
				INFOPLIST_KEY_NSLocationWhenInUseUsageDescription = "We need your location to determine the location of the course.";
				INFOPLIST_KEY_UIApplicationSceneManifest_Generation = YES;
				INFOPLIST_KEY_UIApplicationSupportsIndirectInputEvents = YES;
				INFOPLIST_KEY_UILaunchScreen_Generation = YES;
				INFOPLIST_KEY_UISupportedInterfaceOrientations_iPad = "UIInterfaceOrientationPortrait UIInterfaceOrientationPortraitUpsideDown UIInterfaceOrientationLandscapeLeft UIInterfaceOrientationLandscapeRight";
				INFOPLIST_KEY_UISupportedInterfaceOrientations_iPhone = "UIInterfaceOrientationPortrait UIInterfaceOrientationLandscapeLeft UIInterfaceOrientationLandscapeRight";
				IPHONEOS_DEPLOYMENT_TARGET = 17.6;
				LD_RUNPATH_SEARCH_PATHS = (
					"$(inherited)",
					"@executable_path/Frameworks",
				);
				MARKETING_VERSION = 2.0;
				PRODUCT_BUNDLE_IDENTIFIER = org.gcems.classmanager;
				PRODUCT_NAME = "$(TARGET_NAME)";
				PROVISIONING_PROFILE_SPECIFIER = "";
				STRING_CATALOG_GENERATE_SYMBOLS = YES;
				SWIFT_APPROACHABLE_CONCURRENCY = YES;
				SWIFT_DEFAULT_ACTOR_ISOLATION = MainActor;
				SWIFT_EMIT_LOC_STRINGS = YES;
				SWIFT_UPCOMING_FEATURE_MEMBER_IMPORT_VISIBILITY = YES;
				SWIFT_VERSION = 5.0;
				TARGETED_DEVICE_FAMILY = "1,2";
			};
			name = Debug;
		};
		201B0BB42EBE52B000F95095 /* Release */ = {
			isa = XCBuildConfiguration;
			baseConfigurationReference = 201B0BAC2EBE52B000F95095 /* App.xcconfig */;
			buildSettings = {
				ASSETCATALOG_COMPILER_APPICON_NAME = AppIcon;
				ASSETCATALOG_COMPILER_GLOBAL_ACCENT_COLOR_NAME = AccentColor;
				CODE_SIGN_ENTITLEMENTS = classmanager/classmanager.entitlements;
				CODE_SIGN_IDENTITY = "Apple Development";
				CODE_SIGN_STYLE = Automatic;
				CURRENT_PROJECT_VERSION = 2;
				DEVELOPMENT_TEAM = XN2T2J875A;
				ENABLE_PREVIEWS = YES;
				GENERATE_INFOPLIST_FILE = YES;
				INFOPLIST_FILE = classmanager/Info.plist;
				INFOPLIST_KEY_CFBundleDisplayName = "GCEMS Classes";
				INFOPLIST_KEY_LSApplicationCategoryType = "public.app-category.education";
				INFOPLIST_KEY_NSCameraUsageDescription = "The camera is needed to access the QR scanner  ";
				INFOPLIST_KEY_NSLocationWhenInUseUsageDescription = "We need your location to determine the location of the course.";
				INFOPLIST_KEY_UIApplicationSceneManifest_Generation = YES;
				INFOPLIST_KEY_UIApplicationSupportsIndirectInputEvents = YES;
				INFOPLIST_KEY_UILaunchScreen_Generation = YES;
				INFOPLIST_KEY_UISupportedInterfaceOrientations_iPad = "UIInterfaceOrientationPortrait UIInterfaceOrientationPortraitUpsideDown UIInterfaceOrientationLandscapeLeft UIInterfaceOrientationLandscapeRight";
				INFOPLIST_KEY_UISupportedInterfaceOrientations_iPhone = "UIInterfaceOrientationPortrait UIInterfaceOrientationLandscapeLeft UIInterfaceOrientationLandscapeRight";
				IPHONEOS_DEPLOYMENT_TARGET = 17.6;
				LD_RUNPATH_SEARCH_PATHS = (
					"$(inherited)",
					"@executable_path/Frameworks",
				);
				MARKETING_VERSION = 2.0;
				PRODUCT_BUNDLE_IDENTIFIER = org.gcems.classmanager;
				PRODUCT_NAME = "$(TARGET_NAME)";
				PROVISIONING_PROFILE_SPECIFIER = "";
				STRING_CATALOG_GENERATE_SYMBOLS = YES;
				SWIFT_APPROACHABLE_CONCURRENCY = YES;
				SWIFT_DEFAULT_ACTOR_ISOLATION = MainActor;
				SWIFT_EMIT_LOC_STRINGS = YES;
				SWIFT_UPCOMING_FEATURE_MEMBER_IMPORT_VISIBILITY = YES;
				SWIFT_VERSION = 5.0;
				TARGETED_DEVICE_FAMILY = "1,2";
			};
			name = Release;
		};
		201B0BB62EBE52B000F95095 /* Debug */ = {
			isa = XCBuildConfiguration;
			buildSettings = {
				BUNDLE_LOADER = "$(TEST_HOST)";
				CODE_SIGN_STYLE = Automatic;
				CURRENT_PROJECT_VERSION = 1;
				DEVELOPMENT_TEAM = XN2T2J875A;
				GENERATE_INFOPLIST_FILE = YES;
				IPHONEOS_DEPLOYMENT_TARGET = 26.0;
				MARKETING_VERSION = 1.0;
				PRODUCT_BUNDLE_IDENTIFIER = org.gcems.classmanagerTests;
				PRODUCT_NAME = "$(TARGET_NAME)";
				STRING_CATALOG_GENERATE_SYMBOLS = NO;
				SWIFT_APPROACHABLE_CONCURRENCY = YES;
				SWIFT_EMIT_LOC_STRINGS = NO;
				SWIFT_UPCOMING_FEATURE_MEMBER_IMPORT_VISIBILITY = YES;
				SWIFT_VERSION = 5.0;
				TARGETED_DEVICE_FAMILY = "1,2";
				TEST_HOST = "$(BUILT_PRODUCTS_DIR)/classmanager.app/$(BUNDLE_EXECUTABLE_FOLDER_PATH)/classmanager";
			};
			name = Debug;
		};
		201B0BB72EBE52B000F95095 /* Release */ = {
			isa = XCBuildConfiguration;
			buildSettings = {
				BUNDLE_LOADER = "$(TEST_HOST)";
				CODE_SIGN_STYLE = Automatic;
				CURRENT_PROJECT_VERSION = 1;
				DEVELOPMENT_TEAM = XN2T2J875A;
				GENERATE_INFOPLIST_FILE = YES;
				IPHONEOS_DEPLOYMENT_TARGET = 26.0;
				MARKETING_VERSION = 1.0;
				PRODUCT_BUNDLE_IDENTIFIER = org.gcems.classmanagerTests;
				PRODUCT_NAME = "$(TARGET_NAME)";
				STRING_CATALOG_GENERATE_SYMBOLS = NO;
				SWIFT_APPROACHABLE_CONCURRENCY = YES;
				SWIFT_EMIT_LOC_STRINGS = NO;
				SWIFT_UPCOMING_FEATURE_MEMBER_IMPORT_VISIBILITY = YES;
				SWIFT_VERSION = 5.0;
				TARGETED_DEVICE_FAMILY = "1,2";
				TEST_HOST = "$(BUILT_PRODUCTS_DIR)/classmanager.app/$(BUNDLE_EXECUTABLE_FOLDER_PATH)/classmanager";
			};
			name = Release;
		};
		201B0BB92EBE52B000F95095 /* Debug */ = {
			isa = XCBuildConfiguration;
			buildSettings = {
				CODE_SIGN_STYLE = Automatic;
				CURRENT_PROJECT_VERSION = 1;
				DEVELOPMENT_TEAM = XN2T2J875A;
				GENERATE_INFOPLIST_FILE = YES;
				MARKETING_VERSION = 1.0;
				PRODUCT_BUNDLE_IDENTIFIER = org.gcems.classmanagerUITests;
				PRODUCT_NAME = "$(TARGET_NAME)";
				STRING_CATALOG_GENERATE_SYMBOLS = NO;
				SWIFT_APPROACHABLE_CONCURRENCY = YES;
				SWIFT_EMIT_LOC_STRINGS = NO;
				SWIFT_UPCOMING_FEATURE_MEMBER_IMPORT_VISIBILITY = YES;
				SWIFT_VERSION = 5.0;
				TARGETED_DEVICE_FAMILY = "1,2";
				TEST_TARGET_NAME = classmanager;
			};
			name = Debug;
		};
		201B0BBA2EBE52B000F95095 /* Release */ = {
			isa = XCBuildConfiguration;
			buildSettings = {
				CODE_SIGN_STYLE = Automatic;
				CURRENT_PROJECT_VERSION = 1;
				DEVELOPMENT_TEAM = XN2T2J875A;
				GENERATE_INFOPLIST_FILE = YES;
				MARKETING_VERSION = 1.0;
				PRODUCT_BUNDLE_IDENTIFIER = org.gcems.classmanagerUITests;
				PRODUCT_NAME = "$(TARGET_NAME)";
				STRING_CATALOG_GENERATE_SYMBOLS = NO;
				SWIFT_APPROACHABLE_CONCURRENCY = YES;
				SWIFT_EMIT_LOC_STRINGS = NO;
				SWIFT_UPCOMING_FEATURE_MEMBER_IMPORT_VISIBILITY = YES;
				SWIFT_VERSION = 5.0;
				TARGETED_DEVICE_FAMILY = "1,2";
				TEST_TARGET_NAME = classmanager;
			};
			name = Release;
		};
/* End XCBuildConfiguration section */

/* Begin XCConfigurationList section */
		201B0B8C2EBE52AF00F95095 /* Build configuration list for PBXProject "classmanager" */ = {
			isa = XCConfigurationList;
			buildConfigurations = (
				201B0BB02EBE52B000F95095 /* Debug */,
				201B0BB12EBE52B000F95095 /* Release */,
			);
			defaultConfigurationIsVisible = 0;
			defaultConfigurationName = Release;
		};
		201B0BB22EBE52B000F95095 /* Build configuration list for PBXNativeTarget "classmanager" */ = {
			isa = XCConfigurationList;
			buildConfigurations = (
				201B0BB32EBE52B000F95095 /* Debug */,
				201B0BB42EBE52B000F95095 /* Release */,
			);
			defaultConfigurationIsVisible = 0;
			defaultConfigurationName = Release;
		};
		201B0BB52EBE52B000F95095 /* Build configuration list for PBXNativeTarget "classmanagerTests" */ = {
			isa = XCConfigurationList;
			buildConfigurations = (
				201B0BB62EBE52B000F95095 /* Debug */,
				201B0BB72EBE52B000F95095 /* Release */,
			);
			defaultConfigurationIsVisible = 0;
			defaultConfigurationName = Release;
		};
		201B0BB82EBE52B000F95095 /* Build configuration list for PBXNativeTarget "classmanagerUITests" */ = {
			isa = XCConfigurationList;
			buildConfigurations = (
				201B0BB92EBE52B000F95095 /* Debug */,
				201B0BBA2EBE52B000F95095 /* Release */,
			);
			defaultConfigurationIsVisible = 0;
			defaultConfigurationName = Release;
		};
/* End XCConfigurationList section */
	};
	rootObject = 201B0B892EBE52AF00F95095 /* Project object */;
}
